// !$*UTF8*$!
{
	archiveVersion = 1;
	classes = {
	};
	objectVersion = 50;
	objects = {

/* Begin PBXBuildFile section */
		04A61AB52414C76300130D82 /* AppDelegate.swift in Sources */ = {isa = PBXBuildFile; fileRef = 04A61AB42414C76300130D82 /* AppDelegate.swift */; };
		04A61AB72414C76300130D82 /* SceneDelegate.swift in Sources */ = {isa = PBXBuildFile; fileRef = 04A61AB62414C76300130D82 /* SceneDelegate.swift */; };
		04A61AB92414C76300130D82 /* ViewController.swift in Sources */ = {isa = PBXBuildFile; fileRef = 04A61AB82414C76300130D82 /* ViewController.swift */; };
		04A61ABC2414C76300130D82 /* Main.storyboard in Resources */ = {isa = PBXBuildFile; fileRef = 04A61ABA2414C76300130D82 /* Main.storyboard */; };
		04A61ABF2414C76300130D82 /* tableviewsample.xcdatamodeld in Sources */ = {isa = PBXBuildFile; fileRef = 04A61ABD2414C76300130D82 /* tableviewsample.xcdatamodeld */; };
		04A61AC12414C76500130D82 /* Assets.xcassets in Resources */ = {isa = PBXBuildFile; fileRef = 04A61AC02414C76500130D82 /* Assets.xcassets */; };
		04A61AC42414C76500130D82 /* LaunchScreen.storyboard in Resources */ = {isa = PBXBuildFile; fileRef = 04A61AC22414C76500130D82 /* LaunchScreen.storyboard */; };
		04A61ACC2414E57B00130D82 /* Type1.swift in Sources */ = {isa = PBXBuildFile; fileRef = 04A61ACB2414E57B00130D82 /* Type1.swift */; };
/* End PBXBuildFile section */

/* Begin PBXFileReference section */
		04A61AB12414C76300130D82 /* tableviewsample.app */ = {isa = PBXFileReference; explicitFileType = wrapper.application; includeInIndex = 0; path = tableviewsample.app; sourceTree = BUILT_PRODUCTS_DIR; };
		04A61AB42414C76300130D82 /* AppDelegate.swift */ = {isa = PBXFileReference; lastKnownFileType = sourcecode.swift; path = AppDelegate.swift; sourceTree = "<group>"; };
		04A61AB62414C76300130D82 /* SceneDelegate.swift */ = {isa = PBXFileReference; lastKnownFileType = sourcecode.swift; path = SceneDelegate.swift; sourceTree = "<group>"; };
		04A61AB82414C76300130D82 /* ViewController.swift */ = {isa = PBXFileReference; lastKnownFileType = sourcecode.swift; path = ViewController.swift; sourceTree = "<group>"; };
		04A61ABB2414C76300130D82 /* Base */ = {isa = PBXFileReference; lastKnownFileType = file.storyboard; name = Base; path = Base.lproj/Main.storyboard; sourceTree = "<group>"; };
		04A61ABE2414C76300130D82 /* tableviewsample.xcdatamodel */ = {isa = PBXFileReference; lastKnownFileType = wrapper.xcdatamodel; path = tableviewsample.xcdatamodel; sourceTree = "<group>"; };
		04A61AC02414C76500130D82 /* Assets.xcassets */ = {isa = PBXFileReference; lastKnownFileType = folder.assetcatalog; path = Assets.xcassets; sourceTree = "<group>"; };
		04A61AC32414C76500130D82 /* Base */ = {isa = PBXFileReference; lastKnownFileType = file.storyboard; name = Base; path = Base.lproj/LaunchScreen.storyboard; sourceTree = "<group>"; };
		04A61AC52414C76500130D82 /* Info.plist */ = {isa = PBXFileReference; lastKnownFileType = text.plist.xml; path = Info.plist; sourceTree = "<group>"; };
		04A61ACB2414E57B00130D82 /* Type1.swift */ = {isa = PBXFileReference; lastKnownFileType = sourcecode.swift; path = Type1.swift; sourceTree = "<group>"; };
/* End PBXFileReference section */

/* Begin PBXFrameworksBuildPhase section */
		04A61AAE2414C76300130D82 /* Frameworks */ = {
			isa = PBXFrameworksBuildPhase;
			buildActionMask = 2147483647;
			files = (
			);
			runOnlyForDeploymentPostprocessing = 0;
		};
/* End PBXFrameworksBuildPhase section */

/* Begin PBXGroup section */
		04A61AA82414C76300130D82 = {
			isa = PBXGroup;
			children = (
				04A61AB32414C76300130D82 /* tableviewsample */,
				04A61AB22414C76300130D82 /* Products */,
			);
			sourceTree = "<group>";
		};
		04A61AB22414C76300130D82 /* Products */ = {
			isa = PBXGroup;
			children = (
				04A61AB12414C76300130D82 /* tableviewsample.app */,
			);
			name = Products;
			sourceTree = "<group>";
		};
		04A61AB32414C76300130D82 /* tableviewsample */ = {
			isa = PBXGroup;
			children = (
				04A61AB42414C76300130D82 /* AppDelegate.swift */,
				04A61AB62414C76300130D82 /* SceneDelegate.swift */,
				04A61AB82414C76300130D82 /* ViewController.swift */,
				04A61ABA2414C76300130D82 /* Main.storyboard */,
				04A61AC02414C76500130D82 /* Assets.xcassets */,
				04A61AC22414C76500130D82 /* LaunchScreen.storyboard */,
				04A61AC52414C76500130D82 /* Info.plist */,
				04A61ABD2414C76300130D82 /* tableviewsample.xcdatamodeld */,
				04A61ACB2414E57B00130D82 /* Type1.swift */,
			);
			path = tableviewsample;
			sourceTree = "<group>";
		};
/* End PBXGroup section */

/* Begin PBXNativeTarget section */
		04A61AB02414C76300130D82 /* tableviewsample */ = {
			isa = PBXNativeTarget;
			buildConfigurationList = 04A61AC82414C76500130D82 /* Build configuration list for PBXNativeTarget "tableviewsample" */;
			buildPhases = (
				04A61AAD2414C76300130D82 /* Sources */,
				04A61AAE2414C76300130D82 /* Frameworks */,
				04A61AAF2414C76300130D82 /* Resources */,
			);
			buildRules = (
			);
			dependencies = (
			);
			name = tableviewsample;
			productName = tableviewsample;
			productReference = 04A61AB12414C76300130D82 /* tableviewsample.app */;
			productType = "com.apple.product-type.application";
		};
/* End PBXNativeTarget section */

/* Begin PBXProject section */
		04A61AA92414C76300130D82 /* Project object */ = {
			isa = PBXProject;
			attributes = {
				LastSwiftUpdateCheck = 1130;
				LastUpgradeCheck = 1130;
				ORGANIZATIONNAME = hiwatt;
				TargetAttributes = {
					04A61AB02414C76300130D82 = {
						CreatedOnToolsVersion = 11.3.1;
					};
				};
			};
			buildConfigurationList = 04A61AAC2414C76300130D82 /* Build configuration list for PBXProject "tableviewsample" */;
			compatibilityVersion = "Xcode 9.3";
			developmentRegion = en;
			hasScannedForEncodings = 0;
			knownRegions = (
				en,
				Base,
			);
			mainGroup = 04A61AA82414C76300130D82;
			productRefGroup = 04A61AB22414C76300130D82 /* Products */;
			projectDirPath = "";
			projectRoot = "";
			targets = (
				04A61AB02414C76300130D82 /* tableviewsample */,
			);
		};
/* End PBXProject section */

/* Begin PBXResourcesBuildPhase section */
		04A61AAF2414C76300130D82 /* Resources */ = {
			isa = PBXResourcesBuildPhase;
			buildActionMask = 2147483647;
			files = (
				04A61AC42414C76500130D82 /* LaunchScreen.storyboard in Resources */,
				04A61AC12414C76500130D82 /* Assets.xcassets in Resources */,
				04A61ABC2414C76300130D82 /* Main.storyboard in Resources */,
			);
			runOnlyForDeploymentPostprocessing = 0;
		};
/* End PBXResourcesBuildPhase section */

/* Begin PBXSourcesBuildPhase section */
		04A61AAD2414C76300130D82 /* Sources */ = {
			isa = PBXSourcesBuildPhase;
			buildActionMask = 2147483647;
			files = (
				04A61AB92414C76300130D82 /* ViewController.swift in Sources */,
				04A61ABF2414C76300130D82 /* tableviewsample.xcdatamodeld in Sources */,
				04A61AB52414C76300130D82 /* AppDelegate.swift in Sources */,
				04A61AB72414C76300130D82 /* SceneDelegate.swift in Sources */,
				04A61ACC2414E57B00130D82 /* Type1.swift in Sources */,
			);
			runOnlyForDeploymentPostprocessing = 0;
		};
/* End PBXSourcesBuildPhase section */

/* Begin PBXVariantGroup section */
		04A61ABA2414C76300130D82 /* Main.storyboard */ = {
			isa = PBXVariantGroup;
			children = (
				04A61ABB2414C76300130D82 /* Base */,
			);
			name = Main.storyboard;
			sourceTree = "<group>";
		};
		04A61AC22414C76500130D82 /* LaunchScreen.storyboard */ = {
			isa = PBXVariantGroup;
			children = (
				04A61AC32414C76500130D82 /* Base */,
			);
			name = LaunchScreen.storyboard;
			sourceTree = "<group>";
		};
/* End PBXVariantGroup section */

/* Begin XCBuildConfiguration section */
		04A61AC62414C76500130D82 /* Debug */ = {
			isa = XCBuildConfiguration;
			buildSettings = {
				ALWAYS_SEARCH_USER_PATHS = NO;
				CLANG_ANALYZER_NONNULL = YES;
				CLANG_ANALYZER_NUMBER_OBJECT_CONVERSION = YES_AGGRESSIVE;
				CLANG_CXX_LANGUAGE_STANDARD = "gnu++14";
				CLANG_CXX_LIBRARY = "libc++";
				CLANG_ENABLE_MODULES = YES;
				CLANG_ENABLE_OBJC_ARC = YES;
				CLANG_ENABLE_OBJC_WEAK = YES;
				CLANG_WARN_BLOCK_CAPTURE_AUTORELEASING = YES;
				CLANG_WARN_BOOL_CONVERSION = YES;
				CLANG_WARN_COMMA = YES;
				CLANG_WARN_CONSTANT_CONVERSION = YES;
				CLANG_WARN_DEPRECATED_OBJC_IMPLEMENTATIONS = YES;
				CLANG_WARN_DIRECT_OBJC_ISA_USAGE = YES_ERROR;
				CLANG_WARN_DOCUMENTATION_COMMENTS = YES;
				CLANG_WARN_EMPTY_BODY = YES;
				CLANG_WARN_ENUM_CONVERSION = YES;
				CLANG_WARN_INFINITE_RECURSION = YES;
				CLANG_WARN_INT_CONVERSION = YES;
				CLANG_WARN_NON_LITERAL_NULL_CONVERSION = YES;
				CLANG_WARN_OBJC_IMPLICIT_RETAIN_SELF = YES;
				CLANG_WARN_OBJC_LITERAL_CONVERSION = YES;
				CLANG_WARN_OBJC_ROOT_CLASS = YES_ERROR;
				CLANG_WARN_RANGE_LOOP_ANALYSIS = YES;
				CLANG_WARN_STRICT_PROTOTYPES = YES;
				CLANG_WARN_SUSPICIOUS_MOVE = YES;
				CLANG_WARN_UNGUARDED_AVAILABILITY = YES_AGGRESSIVE;
				CLANG_WARN_UNREACHABLE_CODE = YES;
				CLANG_WARN__DUPLICATE_METHOD_MATCH = YES;
				COPY_PHASE_STRIP = NO;
				DEBUG_INFORMATION_FORMAT = dwarf;
				ENABLE_STRICT_OBJC_MSGSEND = YES;
				ENABLE_TESTABILITY = YES;
				GCC_C_LANGUAGE_STANDARD = gnu11;
				GCC_DYNAMIC_NO_PIC = NO;
				GCC_NO_COMMON_BLOCKS = YES;
				GCC_OPTIMIZATION_LEVEL = 0;
				GCC_PREPROCESSOR_DEFINITIONS = (
					"DEBUG=1",
					"$(inherited)",
				);
				GCC_WARN_64_TO_32_BIT_CONVERSION = YES;
				GCC_WARN_ABOUT_RETURN_TYPE = YES_ERROR;
				GCC_WARN_UNDECLARED_SELECTOR = YES;
				GCC_WARN_UNINITIALIZED_AUTOS = YES_AGGRESSIVE;
				GCC_WARN_UNUSED_FUNCTION = YES;
				GCC_WARN_UNUSED_VARIABLE = YES;
				IPHONEOS_DEPLOYMENT_TARGET = 13.2;
				MTL_ENABLE_DEBUG_INFO = INCLUDE_SOURCE;
				MTL_FAST_MATH = YES;
				ONLY_ACTIVE_ARCH = YES;
				SDKROOT = iphoneos;
				SWIFT_ACTIVE_COMPILATION_CONDITIONS = DEBUG;
				SWIFT_OPTIMIZATION_LEVEL = "-Onone";
			};
			name = Debug;
		};
		04A61AC72414C76500130D82 /* Release */ = {
			isa = XCBuildConfiguration;
			buildSettings = {
				ALWAYS_SEARCH_USER_PATHS = NO;
				CLANG_ANALYZER_NONNULL = YES;
				CLANG_ANALYZER_NUMBER_OBJECT_CONVERSION = YES_AGGRESSIVE;
				CLANG_CXX_LANGUAGE_STANDARD = "gnu++14";
				CLANG_CXX_LIBRARY = "libc++";
				CLANG_ENABLE_MODULES = YES;
				CLANG_ENABLE_OBJC_ARC = YES;
				CLANG_ENABLE_OBJC_WEAK = YES;
				CLANG_WARN_BLOCK_CAPTURE_AUTORELEASING = YES;
				CLANG_WARN_BOOL_CONVERSION = YES;
				CLANG_WARN_COMMA = YES;
				CLANG_WARN_CONSTANT_CONVERSION = YES;
				CLANG_WARN_DEPRECATED_OBJC_IMPLEMENTATIONS = YES;
				CLANG_WARN_DIRECT_OBJC_ISA_USAGE = YES_ERROR;
				CLANG_WARN_DOCUMENTATION_COMMENTS = YES;
				CLANG_WARN_EMPTY_BODY = YES;
				CLANG_WARN_ENUM_CONVERSION = YES;
				CLANG_WARN_INFINITE_RECURSION = YES;
				CLANG_WARN_INT_CONVERSION = YES;
				CLANG_WARN_NON_LITERAL_NULL_CONVERSION = YES;
				CLANG_WARN_OBJC_IMPLICIT_RETAIN_SELF = YES;
				CLANG_WARN_OBJC_LITERAL_CONVERSION = YES;
				CLANG_WARN_OBJC_ROOT_CLASS = YES_ERROR;
				CLANG_WARN_RANGE_LOOP_ANALYSIS = YES;
				CLANG_WARN_STRICT_PROTOTYPES = YES;
				CLANG_WARN_SUSPICIOUS_MOVE = YES;
				CLANG_WARN_UNGUARDED_AVAILABILITY = YES_AGGRESSIVE;
				CLANG_WARN_UNREACHABLE_CODE = YES;
				CLANG_WARN__DUPLICATE_METHOD_MATCH = YES;
				COPY_PHASE_STRIP = NO;
				DEBUG_INFORMATION_FORMAT = "dwarf-with-dsym";
				ENABLE_NS_ASSERTIONS = NO;
				ENABLE_STRICT_OBJC_MSGSEND = YES;
				GCC_C_LANGUAGE_STANDARD = gnu11;
				GCC_NO_COMMON_BLOCKS = YES;
				GCC_WARN_64_TO_32_BIT_CONVERSION = YES;
				GCC_WARN_ABOUT_RETURN_TYPE = YES_ERROR;
				GCC_WARN_UNDECLARED_SELECTOR = YES;
				GCC_WARN_UNINITIALIZED_AUTOS = YES_AGGRESSIVE;
				GCC_WARN_UNUSED_FUNCTION = YES;
				GCC_WARN_UNUSED_VARIABLE = YES;
				IPHONEOS_DEPLOYMENT_TARGET = 13.2;
				MTL_ENABLE_DEBUG_INFO = NO;
				MTL_FAST_MATH = YES;
				SDKROOT = iphoneos;
				SWIFT_COMPILATION_MODE = wholemodule;
				SWIFT_OPTIMIZATION_LEVEL = "-O";
				VALIDATE_PRODUCT = YES;
			};
			name = Release;
		};
		04A61AC92414C76500130D82 /* Debug */ = {
			isa = XCBuildConfiguration;
			buildSettings = {
				ASSETCATALOG_COMPILER_APPICON_NAME = AppIcon;
				CODE_SIGN_STYLE = Automatic;
				DEVELOPMENT_TEAM = 22SC3Y6SZ9;
				INFOPLIST_FILE = tableviewsample/Info.plist;
				LD_RUNPATH_SEARCH_PATHS = (
					"$(inherited)",
					"@executable_path/Frameworks",
				);
				PRODUCT_BUNDLE_IDENTIFIER = staroot.tableviewsample;
				PRODUCT_NAME = "$(TARGET_NAME)";
				SWIFT_VERSION = 5.0;
				TARGETED_DEVICE_FAMILY = "1,2";
			};
			name = Debug;
		};
		04A61ACA2414C76500130D82 /* Release */ = {
			isa = XCBuildConfiguration;
			buildSettings = {
				ASSETCATALOG_COMPILER_APPICON_NAME = AppIcon;
				CODE_SIGN_STYLE = Automatic;
				DEVELOPMENT_TEAM = 22SC3Y6SZ9;
				INFOPLIST_FILE = tableviewsample/Info.plist;
				LD_RUNPATH_SEARCH_PATHS = (
					"$(inherited)",
					"@executable_path/Frameworks",
				);
				PRODUCT_BUNDLE_IDENTIFIER = staroot.tableviewsample;
				PRODUCT_NAME = "$(TARGET_NAME)";
				SWIFT_VERSION = 5.0;
				TARGETED_DEVICE_FAMILY = "1,2";
			};
			name = Release;
		};
/* End XCBuildConfiguration section */

/* Begin XCConfigurationList section */
		04A61AAC2414C76300130D82 /* Build configuration list for PBXProject "tableviewsample" */ = {
			isa = XCConfigurationList;
			buildConfigurations = (
				04A61AC62414C76500130D82 /* Debug */,
				04A61AC72414C76500130D82 /* Release */,
			);
			defaultConfigurationIsVisible = 0;
			defaultConfigurationName = Release;
		};
		04A61AC82414C76500130D82 /* Build configuration list for PBXNativeTarget "tableviewsample" */ = {
			isa = XCConfigurationList;
			buildConfigurations = (
				04A61AC92414C76500130D82 /* Debug */,
				04A61ACA2414C76500130D82 /* Release */,
			);
			defaultConfigurationIsVisible = 0;
			defaultConfigurationName = Release;
		};
/* End XCConfigurationList section */

/* Begin XCVersionGroup section */
		04A61ABD2414C76300130D82 /* tableviewsample.xcdatamodeld */ = {
			isa = XCVersionGroup;
			children = (
				04A61ABE2414C76300130D82 /* tableviewsample.xcdatamodel */,
			);
			currentVersion = 04A61ABE2414C76300130D82 /* tableviewsample.xcdatamodel */;
			path = tableviewsample.xcdatamodeld;
			sourceTree = "<group>";
			versionGroupType = wrapper.xcdatamodel;
		};
/* End XCVersionGroup section */
	};
	rootObject = 04A61AA92414C76300130D82 /* Project object */;
}
